
Microsoft Visual Studio Solution File, Format Version 12.00
# Visual Studio Version 16
VisualStudioVersion = 16.0.30804.86
MinimumVisualStudioVersion = 10.0.40219.1
Project("{FAE04EC0-301F-11D3-BF4B-00C04F79EFBC}") = "CoreOnlineShopping", "CoreOnlineShopping\CoreOnlineShopping.csproj", "{041CDEE0-F252-49B6-942D-F1D235315BBB}"
EndProject
Global
	GlobalSection(SolutionConfigurationPlatforms) = preSolution
		Debug|Any CPU = Debug|Any CPU
		Release|Any CPU = Release|Any CPU
	EndGlobalSection
	GlobalSection(ProjectConfigurationPlatforms) = postSolution
		{041CDEE0-F252-49B6-942D-F1D235315BBB}.Debug|Any CPU.ActiveCfg = Debug|Any CPU
		{041CDEE0-F252-49B6-942D-F1D235315BBB}.Debug|Any CPU.Build.0 = Debug|Any CPU
		{041CDEE0-F252-49B6-942D-F1D235315BBB}.Release|Any CPU.ActiveCfg = Release|Any CPU
		{041CDEE0-F252-49B6-942D-F1D235315BBB}.Release|Any CPU.Build.0 = Release|Any CPU
	EndGlobalSection
	GlobalSection(SolutionProperties) = preSolution
		HideSolutionNode = FALSE
	EndGlobalSection
	GlobalSection(ExtensibilityGlobals) = postSolution
		SolutionGuid = {92D10E06-0AE4-40C0-81EA-1DBB10758F07}
	EndGlobalSection
EndGlobal
